// !$*UTF8*$!
{
	archiveVersion = 1;
	classes = {
	};
	objectVersion = 56;
	objects = {

/* Begin PBXBuildFile section */
		A425FE2E30486CEA0007F2C1 /* CameraView.swift in Sources */ = {isa = PBXBuildFile; fileRef = A425FE2D30486CEA0007F2C1 /* CameraView.swift */; };
		A425FE3030486D6F0007F2C1 /* OCRCameraView.swift in Sources */ = {isa = PBXBuildFile; fileRef = A425FE2F30486D6F0007F2C1 /* OCRCameraView.swift */; };
		A425FE3230488E9E0007F2C1 /* MainScreen.swift in Sources */ = {isa = PBXBuildFile; fileRef = A425FE3130488E9E0007F2C1 /* MainScreen.swift */; };
		F83D098A304710D70078DC3C /* AdknowledgeView.swift in Sources */ = {isa = PBXBuildFile; fileRef = F83D0979304710D70078DC3C /* AdknowledgeView.swift */; };
		F83D098B304710D70078DC3C /* CardModifier.swift in Sources */ = {isa = PBXBuildFile; fileRef = F83D097A304710D70078DC3C /* CardModifier.swift */; };
		F83D098C304710D70078DC3C /* CustomTextField.swift in Sources */ = {isa = PBXBuildFile; fileRef = F83D097B304710D70078DC3C /* CustomTextField.swift */; };
		F83D098D304710D70078DC3C /* FAQView.swift in Sources */ = {isa = PBXBuildFile; fileRef = F83D097C304710D70078DC3C /* FAQView.swift */; };
		F83D098E304710D70078DC3C /* About.swift in Sources */ = {isa = PBXBuildFile; fileRef = F83D097E304710D70078DC3C /* About.swift */; };
		F83D098F304710D70078DC3C /* Main.swift in Sources */ = {isa = PBXBuildFile; fileRef = F83D0980304710D70078DC3C /* Main.swift */; };
		F83D0990304710D70078DC3C /* MainScreenData.swift in Sources */ = {isa = PBXBuildFile; fileRef = F83D0981304710D70078DC3C /* MainScreenData.swift */; };
		F83D0991304710D70078DC3C /* MainViewModel.swift in Sources */ = {isa = PBXBuildFile; fileRef = F83D0982304710D70078DC3C /* MainViewModel.swift */; };
		F83D0992304710D70078DC3C /* History.swift in Sources */ = {isa = PBXBuildFile; fileRef = F83D0984304710D70078DC3C /* History.swift */; };
		F83D0993304710D70078DC3C /* SettingsSettings.swift in Sources */ = {isa = PBXBuildFile; fileRef = F83D0986304710D70078DC3C /* SettingsSettings.swift */; };
		F83D0997304711BF0078DC3C /* CutterData.swift in Sources */ = {isa = PBXBuildFile; fileRef = F83D0996304711B80078DC3C /* CutterData.swift */; };
		F83D09993047133C0078DC3C /* HistoryItem.swift in Sources */ = {isa = PBXBuildFile; fileRef = F83D09983047132B0078DC3C /* HistoryItem.swift */; };
		F83DE25C2BE9747200E668B6 /* Cutter_App.swift in Sources */ = {isa = PBXBuildFile; fileRef = F83DE25B2BE9747200E668B6 /* Cutter_App.swift */; };
		F83DE2632BE9747300E668B6 /* Preview Assets.xcassets in Resources */ = {isa = PBXBuildFile; fileRef = F83DE2622BE9747300E668B6 /* Preview Assets.xcassets */; };
		F83DE2982BE9D7E700E668B6 /* CutterHelperTests.swift in Sources */ = {isa = PBXBuildFile; fileRef = F83DE2972BE9D7E700E668B6 /* CutterHelperTests.swift */; };
		F83F23CA2D406750003944B3 /* cutter_old.csv in Resources */ = {isa = PBXBuildFile; fileRef = F83F23AC2D406750003944B3 /* cutter_old.csv */; };
		F83F23CB2D406750003944B3 /* Localizable.xcstrings in Resources */ = {isa = PBXBuildFile; fileRef = F83F23C12D406750003944B3 /* Localizable.xcstrings */; };
		F83F23CC2D406750003944B3 /* cutter_normal.csv in Resources */ = {isa = PBXBuildFile; fileRef = F83F23AB2D406750003944B3 /* cutter_normal.csv */; };
		F83F23CD2D406750003944B3 /* Assets.xcassets in Resources */ = {isa = PBXBuildFile; fileRef = F83F23AE2D406750003944B3 /* Assets.xcassets */; };
		F83F23CE2D406750003944B3 /* String+Ext.swift in Sources */ = {isa = PBXBuildFile; fileRef = F83F23A32D406750003944B3 /* String+Ext.swift */; };
		F83F23D02D406750003944B3 /* TextField+Ext.swift in Sources */ = {isa = PBXBuildFile; fileRef = F83F23A42D406750003944B3 /* TextField+Ext.swift */; };
		F83F23D12D406750003944B3 /* CutterGetter.swift in Sources */ = {isa = PBXBuildFile; fileRef = F83F23BE2D406750003944B3 /* CutterGetter.swift */; };
		F83F23D62D406750003944B3 /* SearchesCD.swift in Sources */ = {isa = PBXBuildFile; fileRef = F83F23A12D406750003944B3 /* SearchesCD.swift */; };
		F83F23D72D406750003944B3 /* CSVParser.swift in Sources */ = {isa = PBXBuildFile; fileRef = F83F23BD2D406750003944B3 /* CSVParser.swift */; };
		F83F23DA2D406750003944B3 /* CsvVersion.swift in Sources */ = {isa = PBXBuildFile; fileRef = F83F23A72D406750003944B3 /* CsvVersion.swift */; };
		F83F23DB2D406750003944B3 /* CutterHelper.swift in Sources */ = {isa = PBXBuildFile; fileRef = F83F23BF2D406750003944B3 /* CutterHelper.swift */; };
		F83F23DD2D406750003944B3 /* CutterData+Ext.swift in Sources */ = {isa = PBXBuildFile; fileRef = F83F23A82D406750003944B3 /* CutterData+Ext.swift */; };
		F83F23DE2D406750003944B3 /* View+Ext.swift in Sources */ = {isa = PBXBuildFile; fileRef = F83F23A52D406750003944B3 /* View+Ext.swift */; };
		F83F23E32D406750003944B3 /* Previewing.swift in Sources */ = {isa = PBXBuildFile; fileRef = F83F239F2D406750003944B3 /* Previewing.swift */; };
		F83F23E52D406750003944B3 /* Searches.xcdatamodeld in Sources */ = {isa = PBXBuildFile; fileRef = F83F23A02D406750003944B3 /* Searches.xcdatamodeld */; };
		F8CE739A2BEA9AF4002D867D /* CutterGetterTests.swift in Sources */ = {isa = PBXBuildFile; fileRef = F8CE73992BEA9AF4002D867D /* CutterGetterTests.swift */; };
/* End PBXBuildFile section */

/* Begin PBXContainerItemProxy section */
		F83DE2922BE9D79A00E668B6 /* PBXContainerItemProxy */ = {
			isa = PBXContainerItemProxy;
			containerPortal = F83DE2502BE9747200E668B6 /* Project object */;
			proxyType = 1;
			remoteGlobalIDString = F83DE2572BE9747200E668B6;
			remoteInfo = "Cutter App";
		};
/* End PBXContainerItemProxy section */

/* Begin PBXFileReference section */
		A425FE2D30486CEA0007F2C1 /* CameraView.swift */ = {isa = PBXFileReference; lastKnownFileType = sourcecode.swift; path = CameraView.swift; sourceTree = "<group>"; };
		A425FE2F30486D6F0007F2C1 /* OCRCameraView.swift */ = {isa = PBXFileReference; lastKnownFileType = sourcecode.swift; path = OCRCameraView.swift; sourceTree = "<group>"; };
		A425FE3130488E9E0007F2C1 /* MainScreen.swift */ = {isa = PBXFileReference; lastKnownFileType = sourcecode.swift; path = MainScreen.swift; sourceTree = "<group>"; };
		F82ED0302D41582300F7CFB9 /* Cutter-App-Info.plist */ = {isa = PBXFileReference; lastKnownFileType = text.plist; path = "Cutter-App-Info.plist"; sourceTree = SOURCE_ROOT; };
		F83D0979304710D70078DC3C /* AdknowledgeView.swift */ = {isa = PBXFileReference; lastKnownFileType = sourcecode.swift; path = AdknowledgeView.swift; sourceTree = "<group>"; };
		F83D097A304710D70078DC3C /* CardModifier.swift */ = {isa = PBXFileReference; lastKnownFileType = sourcecode.swift; path = CardModifier.swift; sourceTree = "<group>"; };
		F83D097B304710D70078DC3C /* CustomTextField.swift */ = {isa = PBXFileReference; lastKnownFileType = sourcecode.swift; path = CustomTextField.swift; sourceTree = "<group>"; };
		F83D097C304710D70078DC3C /* FAQView.swift */ = {isa = PBXFileReference; lastKnownFileType = sourcecode.swift; path = FAQView.swift; sourceTree = "<group>"; };
		F83D097E304710D70078DC3C /* About.swift */ = {isa = PBXFileReference; lastKnownFileType = sourcecode.swift; path = About.swift; sourceTree = "<group>"; };
		F83D0980304710D70078DC3C /* Main.swift */ = {isa = PBXFileReference; lastKnownFileType = sourcecode.swift; path = Main.swift; sourceTree = "<group>"; };
		F83D0981304710D70078DC3C /* MainScreenData.swift */ = {isa = PBXFileReference; lastKnownFileType = sourcecode.swift; path = MainScreenData.swift; sourceTree = "<group>"; };
		F83D0982304710D70078DC3C /* MainViewModel.swift */ = {isa = PBXFileReference; lastKnownFileType = sourcecode.swift; path = MainViewModel.swift; sourceTree = "<group>"; };
		F83D0984304710D70078DC3C /* History.swift */ = {isa = PBXFileReference; lastKnownFileType = sourcecode.swift; path = History.swift; sourceTree = "<group>"; };
		F83D0986304710D70078DC3C /* SettingsSettings.swift */ = {isa = PBXFileReference; lastKnownFileType = sourcecode.swift; path = SettingsSettings.swift; sourceTree = "<group>"; };
		F83D0996304711B80078DC3C /* CutterData.swift */ = {isa = PBXFileReference; lastKnownFileType = sourcecode.swift; path = CutterData.swift; sourceTree = "<group>"; };
		F83D09983047132B0078DC3C /* HistoryItem.swift */ = {isa = PBXFileReference; lastKnownFileType = sourcecode.swift; path = HistoryItem.swift; sourceTree = "<group>"; };
		F83DE2582BE9747200E668B6 /* Cutter App.app */ = {isa = PBXFileReference; explicitFileType = wrapper.application; includeInIndex = 0; path = "Cutter App.app"; sourceTree = BUILT_PRODUCTS_DIR; };
		F83DE25B2BE9747200E668B6 /* Cutter_App.swift */ = {isa = PBXFileReference; lastKnownFileType = sourcecode.swift; path = Cutter_App.swift; sourceTree = "<group>"; };
		F83DE2622BE9747300E668B6 /* Preview Assets.xcassets */ = {isa = PBXFileReference; lastKnownFileType = folder.assetcatalog; path = "Preview Assets.xcassets"; sourceTree = "<group>"; };
		F83DE28E2BE9D79A00E668B6 /* Cutter AppTests.xctest */ = {isa = PBXFileReference; explicitFileType = wrapper.cfbundle; includeInIndex = 0; path = "Cutter AppTests.xctest"; sourceTree = BUILT_PRODUCTS_DIR; };
		F83DE2972BE9D7E700E668B6 /* CutterHelperTests.swift */ = {isa = PBXFileReference; lastKnownFileType = sourcecode.swift; path = CutterHelperTests.swift; sourceTree = "<group>"; };
		F83F239F2D406750003944B3 /* Previewing.swift */ = {isa = PBXFileReference; lastKnownFileType = sourcecode.swift; path = Previewing.swift; sourceTree = "<group>"; };
		F83F23A12D406750003944B3 /* SearchesCD.swift */ = {isa = PBXFileReference; lastKnownFileType = sourcecode.swift; path = SearchesCD.swift; sourceTree = "<group>"; };
		F83F23A32D406750003944B3 /* String+Ext.swift */ = {isa = PBXFileReference; lastKnownFileType = sourcecode.swift; path = "String+Ext.swift"; sourceTree = "<group>"; };
		F83F23A42D406750003944B3 /* TextField+Ext.swift */ = {isa = PBXFileReference; lastKnownFileType = sourcecode.swift; path = "TextField+Ext.swift"; sourceTree = "<group>"; };
		F83F23A52D406750003944B3 /* View+Ext.swift */ = {isa = PBXFileReference; lastKnownFileType = sourcecode.swift; path = "View+Ext.swift"; sourceTree = "<group>"; };
		F83F23A72D406750003944B3 /* CsvVersion.swift */ = {isa = PBXFileReference; lastKnownFileType = sourcecode.swift; path = CsvVersion.swift; sourceTree = "<group>"; };
		F83F23A82D406750003944B3 /* CutterData+Ext.swift */ = {isa = PBXFileReference; lastKnownFileType = sourcecode.swift; path = "CutterData+Ext.swift"; sourceTree = "<group>"; };
		F83F23AB2D406750003944B3 /* cutter_normal.csv */ = {isa = PBXFileReference; lastKnownFileType = text; path = cutter_normal.csv; sourceTree = "<group>"; };
		F83F23AC2D406750003944B3 /* cutter_old.csv */ = {isa = PBXFileReference; lastKnownFileType = text; path = cutter_old.csv; sourceTree = "<group>"; };
		F83F23AE2D406750003944B3 /* Assets.xcassets */ = {isa = PBXFileReference; lastKnownFileType = folder.assetcatalog; path = Assets.xcassets; sourceTree = "<group>"; };
		F83F23BD2D406750003944B3 /* CSVParser.swift */ = {isa = PBXFileReference; lastKnownFileType = sourcecode.swift; path = CSVParser.swift; sourceTree = "<group>"; };
		F83F23BE2D406750003944B3 /* CutterGetter.swift */ = {isa = PBXFileReference; lastKnownFileType = sourcecode.swift; path = CutterGetter.swift; sourceTree = "<group>"; };
		F83F23BF2D406750003944B3 /* CutterHelper.swift */ = {isa = PBXFileReference; lastKnownFileType = sourcecode.swift; path = CutterHelper.swift; sourceTree = "<group>"; };
		F83F23C12D406750003944B3 /* Localizable.xcstrings */ = {isa = PBXFileReference; lastKnownFileType = text.json.xcstrings; path = Localizable.xcstrings; sourceTree = "<group>"; };
		F83F23C82D406750003944B3 /* Searches.xcdatamodel */ = {isa = PBXFileReference; lastKnownFileType = wrapper.xcdatamodel; path = Searches.xcdatamodel; sourceTree = "<group>"; };
		F8CE73992BEA9AF4002D867D /* CutterGetterTests.swift */ = {isa = PBXFileReference; lastKnownFileType = sourcecode.swift; path = CutterGetterTests.swift; sourceTree = "<group>"; };
/* End PBXFileReference section */

/* Begin PBXFrameworksBuildPhase section */
		F83DE2552BE9747200E668B6 /* Frameworks */ = {
			isa = PBXFrameworksBuildPhase;
			buildActionMask = 2147483647;
			files = (
			);
			runOnlyForDeploymentPostprocessing = 0;
		};
		F83DE28B2BE9D79A00E668B6 /* Frameworks */ = {
			isa = PBXFrameworksBuildPhase;
			buildActionMask = 2147483647;
			files = (
			);
			runOnlyForDeploymentPostprocessing = 0;
		};
/* End PBXFrameworksBuildPhase section */

/* Begin PBXGroup section */
		A425FE2C30486CC80007F2C1 /* OCRCamera */ = {
			isa = PBXGroup;
			children = (
				A425FE2D30486CEA0007F2C1 /* CameraView.swift */,
				A425FE2F30486D6F0007F2C1 /* OCRCameraView.swift */,
			);
			path = OCRCamera;
			sourceTree = "<group>";
		};
		F83D097D304710D70078DC3C /* Components */ = {
			isa = PBXGroup;
			children = (
				F83D097A304710D70078DC3C /* CardModifier.swift */,
				F83D097B304710D70078DC3C /* CustomTextField.swift */,
			);
			path = Components;
			sourceTree = "<group>";
		};
		F83D097F304710D70078DC3C /* About */ = {
			isa = PBXGroup;
			children = (
				F83D097C304710D70078DC3C /* FAQView.swift */,
				F83D0979304710D70078DC3C /* AdknowledgeView.swift */,
				F83D097E304710D70078DC3C /* About.swift */,
			);
			path = About;
			sourceTree = "<group>";
		};
		F83D0983304710D70078DC3C /* Main */ = {
			isa = PBXGroup;
			children = (
				F83D0980304710D70078DC3C /* Main.swift */,
				F83D0981304710D70078DC3C /* MainScreenData.swift */,
				F83D0982304710D70078DC3C /* MainViewModel.swift */,
				A425FE3130488E9E0007F2C1 /* MainScreen.swift */,
			);
			path = Main;
			sourceTree = "<group>";
		};
		F83D0985304710D70078DC3C /* History */ = {
			isa = PBXGroup;
			children = (
				F83D09983047132B0078DC3C /* HistoryItem.swift */,
				F83D0984304710D70078DC3C /* History.swift */,
			);
			path = History;
			sourceTree = "<group>";
		};
		F83D0987304710D70078DC3C /* Settings */ = {
			isa = PBXGroup;
			children = (
				F83D0986304710D70078DC3C /* SettingsSettings.swift */,
			);
			path = Settings;
			sourceTree = "<group>";
		};
		F83D0988304710D70078DC3C /* Screens */ = {
			isa = PBXGroup;
			children = (
				A425FE2C30486CC80007F2C1 /* OCRCamera */,
				F83D097F304710D70078DC3C /* About */,
				F83D0983304710D70078DC3C /* Main */,
				F83D0985304710D70078DC3C /* History */,
				F83D0987304710D70078DC3C /* Settings */,
			);
			path = Screens;
			sourceTree = "<group>";
		};
		F83D0989304710D70078DC3C /* UI */ = {
			isa = PBXGroup;
			children = (
				F83D097D304710D70078DC3C /* Components */,
				F83D0988304710D70078DC3C /* Screens */,
			);
			path = UI;
			sourceTree = "<group>";
		};
		F83D0994304711940078DC3C /* Core */ = {
			isa = PBXGroup;
			children = (
				F83D09953047119E0078DC3C /* Models */,
				F83F23C02D406750003944B3 /* Utils */,
			);
			path = Core;
			sourceTree = "<group>";
		};
		F83D09953047119E0078DC3C /* Models */ = {
			isa = PBXGroup;
			children = (
				F83D0996304711B80078DC3C /* CutterData.swift */,
			);
			path = Models;
			sourceTree = "<group>";
		};
		F83DE24F2BE9747200E668B6 = {
			isa = PBXGroup;
			children = (
				F83DE25A2BE9747200E668B6 /* Cutter App */,
				F83DE28F2BE9D79A00E668B6 /* Cutter AppTests */,
				F83DE2592BE9747200E668B6 /* Products */,
			);
			sourceTree = "<group>";
		};
		F83DE2592BE9747200E668B6 /* Products */ = {
			isa = PBXGroup;
			children = (
				F83DE2582BE9747200E668B6 /* Cutter App.app */,
				F83DE28E2BE9D79A00E668B6 /* Cutter AppTests.xctest */,
			);
			name = Products;
			sourceTree = "<group>";
		};
		F83DE25A2BE9747200E668B6 /* Cutter App */ = {
			isa = PBXGroup;
			children = (
				F83D0994304711940078DC3C /* Core */,
				F83D0989304710D70078DC3C /* UI */,
				F82ED0302D41582300F7CFB9 /* Cutter-App-Info.plist */,
				F83F23A22D406750003944B3 /* Data */,
				F83F23A62D406750003944B3 /* Extensions */,
				F83F23AD2D406750003944B3 /* Raw */,
				F83F23AF2D406750003944B3 /* Resources */,
				F83DE25B2BE9747200E668B6 /* Cutter_App.swift */,
				F83DE2612BE9747300E668B6 /* Preview Content */,
			);
			path = "Cutter App";
			sourceTree = "<group>";
		};
		F83DE2612BE9747300E668B6 /* Preview Content */ = {
			isa = PBXGroup;
			children = (
				F83DE2622BE9747300E668B6 /* Preview Assets.xcassets */,
			);
			path = "Preview Content";
			sourceTree = "<group>";
		};
		F83DE28F2BE9D79A00E668B6 /* Cutter AppTests */ = {
			isa = PBXGroup;
			children = (
				F83DE2972BE9D7E700E668B6 /* CutterHelperTests.swift */,
				F8CE73992BEA9AF4002D867D /* CutterGetterTests.swift */,
			);
			path = "Cutter AppTests";
			sourceTree = "<group>";
		};
		F83F23A22D406750003944B3 /* Data */ = {
			isa = PBXGroup;
			children = (
				F83F239F2D406750003944B3 /* Previewing.swift */,
				F83F23A02D406750003944B3 /* Searches.xcdatamodeld */,
				F83F23A12D406750003944B3 /* SearchesCD.swift */,
				F83F23A72D406750003944B3 /* CsvVersion.swift */,
			);
			path = Data;
			sourceTree = "<group>";
		};
		F83F23A62D406750003944B3 /* Extensions */ = {
			isa = PBXGroup;
			children = (
				F83F23A82D406750003944B3 /* CutterData+Ext.swift */,
				F83F23A32D406750003944B3 /* String+Ext.swift */,
				F83F23A42D406750003944B3 /* TextField+Ext.swift */,
				F83F23A52D406750003944B3 /* View+Ext.swift */,
			);
			path = Extensions;
			sourceTree = "<group>";
		};
		F83F23AD2D406750003944B3 /* Raw */ = {
			isa = PBXGroup;
			children = (
				F83F23AB2D406750003944B3 /* cutter_normal.csv */,
				F83F23AC2D406750003944B3 /* cutter_old.csv */,
			);
			path = Raw;
			sourceTree = "<group>";
		};
		F83F23AF2D406750003944B3 /* Resources */ = {
			isa = PBXGroup;
			children = (
				F83F23AE2D406750003944B3 /* Assets.xcassets */,
				F83F23C22D406750003944B3 /* Values */,
			);
			path = Resources;
			sourceTree = "<group>";
		};
		F83F23C02D406750003944B3 /* Utils */ = {
			isa = PBXGroup;
			children = (
				F83F23BD2D406750003944B3 /* CSVParser.swift */,
				F83F23BE2D406750003944B3 /* CutterGetter.swift */,
				F83F23BF2D406750003944B3 /* CutterHelper.swift */,
			);
			path = Utils;
			sourceTree = "<group>";
		};
		F83F23C22D406750003944B3 /* Values */ = {
			isa = PBXGroup;
			children = (
				F83F23C12D406750003944B3 /* Localizable.xcstrings */,
			);
			path = Values;
			sourceTree = "<group>";
		};
/* End PBXGroup section */

/* Begin PBXNativeTarget section */
		F83DE2572BE9747200E668B6 /* Cutter App */ = {
			isa = PBXNativeTarget;
			buildConfigurationList = F83DE2662BE9747300E668B6 /* Build configuration list for PBXNativeTarget "Cutter App" */;
			buildPhases = (
				F83DE2542BE9747200E668B6 /* Sources */,
				F83DE2552BE9747200E668B6 /* Frameworks */,
				F83DE2562BE9747200E668B6 /* Resources */,
			);
			buildRules = (
			);
			dependencies = (
			);
			name = "Cutter App";
			packageProductDependencies = (
			);
			productName = "Cutter App";
			productReference = F83DE2582BE9747200E668B6 /* Cutter App.app */;
			productType = "com.apple.product-type.application";
		};
		F83DE28D2BE9D79A00E668B6 /* Cutter AppTests */ = {
			isa = PBXNativeTarget;
			buildConfigurationList = F83DE2942BE9D79A00E668B6 /* Build configuration list for PBXNativeTarget "Cutter AppTests" */;
			buildPhases = (
				F83DE28A2BE9D79A00E668B6 /* Sources */,
				F83DE28B2BE9D79A00E668B6 /* Frameworks */,
				F83DE28C2BE9D79A00E668B6 /* Resources */,
			);
			buildRules = (
			);
			dependencies = (
				F83DE2932BE9D79A00E668B6 /* PBXTargetDependency */,
			);
			name = "Cutter AppTests";
			productName = "Cutter AppTests";
			productReference = F83DE28E2BE9D79A00E668B6 /* Cutter AppTests.xctest */;
			productType = "com.apple.product-type.bundle.unit-test";
		};
/* End PBXNativeTarget section */

/* Begin PBXProject section */
		F83DE2502BE9747200E668B6 /* Project object */ = {
			isa = PBXProject;
			attributes = {
				BuildIndependentTargetsInParallel = 1;
				LastSwiftUpdateCheck = 1530;
				LastUpgradeCheck = 2660;
				TargetAttributes = {
					F83DE2572BE9747200E668B6 = {
						CreatedOnToolsVersion = 15.3;
					};
					F83DE28D2BE9D79A00E668B6 = {
						CreatedOnToolsVersion = 15.3;
						TestTargetID = F83DE2572BE9747200E668B6;
					};
				};
			};
			buildConfigurationList = F83DE2532BE9747200E668B6 /* Build configuration list for PBXProject "Cutter App" */;
			compatibilityVersion = "Xcode 14.0";
			developmentRegion = en;
			hasScannedForEncodings = 0;
			knownRegions = (
				en,
				Base,
				"es-419",
				es,
				"pt-BR",
			);
			mainGroup = F83DE24F2BE9747200E668B6;
			packageReferences = (
			);
			productRefGroup = F83DE2592BE9747200E668B6 /* Products */;
			projectDirPath = "";
			projectRoot = "";
			targets = (
				F83DE2572BE9747200E668B6 /* Cutter App */,
				F83DE28D2BE9D79A00E668B6 /* Cutter AppTests */,
			);
		};
/* End PBXProject section */

/* Begin PBXResourcesBuildPhase section */
		F83DE2562BE9747200E668B6 /* Resources */ = {
			isa = PBXResourcesBuildPhase;
			buildActionMask = 2147483647;
			files = (
				F83DE2632BE9747300E668B6 /* Preview Assets.xcassets in Resources */,
				F83F23CA2D406750003944B3 /* cutter_old.csv in Resources */,
				F83F23CB2D406750003944B3 /* Localizable.xcstrings in Resources */,
				F83F23CC2D406750003944B3 /* cutter_normal.csv in Resources */,
				F83F23CD2D406750003944B3 /* Assets.xcassets in Resources */,
			);
			runOnlyForDeploymentPostprocessing = 0;
		};
		F83DE28C2BE9D79A00E668B6 /* Resources */ = {
			isa = PBXResourcesBuildPhase;
			buildActionMask = 2147483647;
			files = (
			);
			runOnlyForDeploymentPostprocessing = 0;
		};
/* End PBXResourcesBuildPhase section */

/* Begin PBXSourcesBuildPhase section */
		F83DE2542BE9747200E668B6 /* Sources */ = {
			isa = PBXSourcesBuildPhase;
			buildActionMask = 2147483647;
			files = (
				F83DE25C2BE9747200E668B6 /* Cutter_App.swift in Sources */,
				F83F23CE2D406750003944B3 /* String+Ext.swift in Sources */,
				F83D09993047133C0078DC3C /* HistoryItem.swift in Sources */,
				F83D0997304711BF0078DC3C /* CutterData.swift in Sources */,
				F83F23D02D406750003944B3 /* TextField+Ext.swift in Sources */,
				F83F23D12D406750003944B3 /* CutterGetter.swift in Sources */,
				A425FE3230488E9E0007F2C1 /* MainScreen.swift in Sources */,
				F83F23D62D406750003944B3 /* SearchesCD.swift in Sources */,
				F83F23D72D406750003944B3 /* CSVParser.swift in Sources */,
				F83D098A304710D70078DC3C /* AdknowledgeView.swift in Sources */,
				A425FE2E30486CEA0007F2C1 /* CameraView.swift in Sources */,
				F83D098B304710D70078DC3C /* CardModifier.swift in Sources */,
				F83D098C304710D70078DC3C /* CustomTextField.swift in Sources */,
				F83D098D304710D70078DC3C /* FAQView.swift in Sources */,
				F83D098E304710D70078DC3C /* About.swift in Sources */,
				F83D098F304710D70078DC3C /* Main.swift in Sources */,
				F83D0990304710D70078DC3C /* MainScreenData.swift in Sources */,
				F83D0991304710D70078DC3C /* MainViewModel.swift in Sources */,
				F83D0992304710D70078DC3C /* History.swift in Sources */,
				F83D0993304710D70078DC3C /* SettingsSettings.swift in Sources */,
				F83F23DA2D406750003944B3 /* CsvVersion.swift in Sources */,
				F83F23DB2D406750003944B3 /* CutterHelper.swift in Sources */,
				F83F23DD2D406750003944B3 /* CutterData+Ext.swift in Sources */,
				A425FE3030486D6F0007F2C1 /* OCRCameraView.swift in Sources */,
				F83F23DE2D406750003944B3 /* View+Ext.swift in Sources */,
				F83F23E32D406750003944B3 /* Previewing.swift in Sources */,
				F83F23E52D406750003944B3 /* Searches.xcdatamodeld in Sources */,
			);
			runOnlyForDeploymentPostprocessing = 0;
		};
		F83DE28A2BE9D79A00E668B6 /* Sources */ = {
			isa = PBXSourcesBuildPhase;
			buildActionMask = 2147483647;
			files = (
				F83DE2982BE9D7E700E668B6 /* CutterHelperTests.swift in Sources */,
				F8CE739A2BEA9AF4002D867D /* CutterGetterTests.swift in Sources */,
			);
			runOnlyForDeploymentPostprocessing = 0;
		};
/* End PBXSourcesBuildPhase section */

/* Begin PBXTargetDependency section */
		F83DE2932BE9D79A00E668B6 /* PBXTargetDependency */ = {
			isa = PBXTargetDependency;
			target = F83DE2572BE9747200E668B6 /* Cutter App */;
			targetProxy = F83DE2922BE9D79A00E668B6 /* PBXContainerItemProxy */;
		};
/* End PBXTargetDependency section */

/* Begin XCBuildConfiguration section */
		F83DE2642BE9747300E668B6 /* Debug */ = {
			isa = XCBuildConfiguration;
			buildSettings = {
				ALWAYS_SEARCH_USER_PATHS = NO;
				ASSETCATALOG_COMPILER_GENERATE_SWIFT_ASSET_SYMBOL_EXTENSIONS = YES;
				CLANG_ANALYZER_LOCALIZABILITY_NONLOCALIZED = YES;
				CLANG_ANALYZER_NONNULL = YES;
				CLANG_ANALYZER_NUMBER_OBJECT_CONVERSION = YES_AGGRESSIVE;
				CLANG_CXX_LANGUAGE_STANDARD = "gnu++20";
				CLANG_ENABLE_MODULES = YES;
				CLANG_ENABLE_OBJC_ARC = YES;
				CLANG_ENABLE_OBJC_WEAK = YES;
				CLANG_WARN_BLOCK_CAPTURE_AUTORELEASING = YES;
				CLANG_WARN_BOOL_CONVERSION = YES;
				CLANG_WARN_COMMA = YES;
				CLANG_WARN_CONSTANT_CONVERSION = YES;
				CLANG_WARN_DEPRECATED_OBJC_IMPLEMENTATIONS = YES;
				CLANG_WARN_DIRECT_OBJC_ISA_USAGE = YES_ERROR;
				CLANG_WARN_DOCUMENTATION_COMMENTS = YES;
				CLANG_WARN_EMPTY_BODY = YES;
				CLANG_WARN_ENUM_CONVERSION = YES;
				CLANG_WARN_INFINITE_RECURSION = YES;
				CLANG_WARN_INT_CONVERSION = YES;
				CLANG_WARN_NON_LITERAL_NULL_CONVERSION = YES;
				CLANG_WARN_OBJC_IMPLICIT_RETAIN_SELF = YES;
				CLANG_WARN_OBJC_LITERAL_CONVERSION = YES;
				CLANG_WARN_OBJC_ROOT_CLASS = YES_ERROR;
				CLANG_WARN_QUOTED_INCLUDE_IN_FRAMEWORK_HEADER = YES;
				CLANG_WARN_RANGE_LOOP_ANALYSIS = YES;
				CLANG_WARN_STRICT_PROTOTYPES = YES;
				CLANG_WARN_SUSPICIOUS_MOVE = YES;
				CLANG_WARN_UNGUARDED_AVAILABILITY = YES_AGGRESSIVE;
				CLANG_WARN_UNREACHABLE_CODE = YES;
				CLANG_WARN__DUPLICATE_METHOD_MATCH = YES;
				COPY_PHASE_STRIP = NO;
				DEBUG_INFORMATION_FORMAT = dwarf;
				DEVELOPMENT_TEAM = 7N78JQ4KFW;
				ENABLE_STRICT_OBJC_MSGSEND = YES;
				ENABLE_TESTABILITY = YES;
				ENABLE_USER_SCRIPT_SANDBOXING = YES;
				GCC_C_LANGUAGE_STANDARD = gnu17;
				GCC_DYNAMIC_NO_PIC = NO;
				GCC_NO_COMMON_BLOCKS = YES;
				GCC_OPTIMIZATION_LEVEL = 0;
				GCC_PREPROCESSOR_DEFINITIONS = (
					"DEBUG=1",
					"$(inherited)",
				);
				GCC_WARN_64_TO_32_BIT_CONVERSION = YES;
				GCC_WARN_ABOUT_RETURN_TYPE = YES_ERROR;
				GCC_WARN_UNDECLARED_SELECTOR = YES;
				GCC_WARN_UNINITIALIZED_AUTOS = YES_AGGRESSIVE;
				GCC_WARN_UNUSED_FUNCTION = YES;
				GCC_WARN_UNUSED_VARIABLE = YES;
				IPHONEOS_DEPLOYMENT_TARGET = 26.0;
				LOCALIZATION_PREFERS_STRING_CATALOGS = YES;
				MTL_ENABLE_DEBUG_INFO = INCLUDE_SOURCE;
				MTL_FAST_MATH = YES;
				ONLY_ACTIVE_ARCH = YES;
				SDKROOT = iphoneos;
				STRING_CATALOG_GENERATE_SYMBOLS = YES;
				SWIFT_ACTIVE_COMPILATION_CONDITIONS = "DEBUG $(inherited)";
				SWIFT_OPTIMIZATION_LEVEL = "-Onone";
			};
			name = Debug;
		};
		F83DE2652BE9747300E668B6 /* Release */ = {
			isa = XCBuildConfiguration;
			buildSettings = {
				ALWAYS_SEARCH_USER_PATHS = NO;
				ASSETCATALOG_COMPILER_GENERATE_SWIFT_ASSET_SYMBOL_EXTENSIONS = YES;
				CLANG_ANALYZER_LOCALIZABILITY_NONLOCALIZED = YES;
				CLANG_ANALYZER_NONNULL = YES;
				CLANG_ANALYZER_NUMBER_OBJECT_CONVERSION = YES_AGGRESSIVE;
				CLANG_CXX_LANGUAGE_STANDARD = "gnu++20";
				CLANG_ENABLE_MODULES = YES;
				CLANG_ENABLE_OBJC_ARC = YES;
				CLANG_ENABLE_OBJC_WEAK = YES;
				CLANG_WARN_BLOCK_CAPTURE_AUTORELEASING = YES;
				CLANG_WARN_BOOL_CONVERSION = YES;
				CLANG_WARN_COMMA = YES;
				CLANG_WARN_CONSTANT_CONVERSION = YES;
				CLANG_WARN_DEPRECATED_OBJC_IMPLEMENTATIONS = YES;
				CLANG_WARN_DIRECT_OBJC_ISA_USAGE = YES_ERROR;
				CLANG_WARN_DOCUMENTATION_COMMENTS = YES;
				CLANG_WARN_EMPTY_BODY = YES;
				CLANG_WARN_ENUM_CONVERSION = YES;
				CLANG_WARN_INFINITE_RECURSION = YES;
				CLANG_WARN_INT_CONVERSION = YES;
				CLANG_WARN_NON_LITERAL_NULL_CONVERSION = YES;
				CLANG_WARN_OBJC_IMPLICIT_RETAIN_SELF = YES;
				CLANG_WARN_OBJC_LITERAL_CONVERSION = YES;
				CLANG_WARN_OBJC_ROOT_CLASS = YES_ERROR;
				CLANG_WARN_QUOTED_INCLUDE_IN_FRAMEWORK_HEADER = YES;
				CLANG_WARN_RANGE_LOOP_ANALYSIS = YES;
				CLANG_WARN_STRICT_PROTOTYPES = YES;
				CLANG_WARN_SUSPICIOUS_MOVE = YES;
				CLANG_WARN_UNGUARDED_AVAILABILITY = YES_AGGRESSIVE;
				CLANG_WARN_UNREACHABLE_CODE = YES;
				CLANG_WARN__DUPLICATE_METHOD_MATCH = YES;
				COPY_PHASE_STRIP = NO;
				DEBUG_INFORMATION_FORMAT = "dwarf-with-dsym";
				DEVELOPMENT_TEAM = 7N78JQ4KFW;
				ENABLE_NS_ASSERTIONS = NO;
				ENABLE_STRICT_OBJC_MSGSEND = YES;
				ENABLE_USER_SCRIPT_SANDBOXING = YES;
				GCC_C_LANGUAGE_STANDARD = gnu17;
				GCC_NO_COMMON_BLOCKS = YES;
				GCC_WARN_64_TO_32_BIT_CONVERSION = YES;
				GCC_WARN_ABOUT_RETURN_TYPE = YES_ERROR;
				GCC_WARN_UNDECLARED_SELECTOR = YES;
				GCC_WARN_UNINITIALIZED_AUTOS = YES_AGGRESSIVE;
				GCC_WARN_UNUSED_FUNCTION = YES;
				GCC_WARN_UNUSED_VARIABLE = YES;
				IPHONEOS_DEPLOYMENT_TARGET = 26.0;
				LOCALIZATION_PREFERS_STRING_CATALOGS = YES;
				MTL_ENABLE_DEBUG_INFO = NO;
				MTL_FAST_MATH = YES;
				SDKROOT = iphoneos;
				STRING_CATALOG_GENERATE_SYMBOLS = YES;
				SWIFT_COMPILATION_MODE = wholemodule;
				VALIDATE_PRODUCT = YES;
			};
			name = Release;
		};
		F83DE2672BE9747300E668B6 /* Debug */ = {
			isa = XCBuildConfiguration;
			buildSettings = {
				ASSETCATALOG_COMPILER_APPICON_NAME = AppIcon;
				ASSETCATALOG_COMPILER_GLOBAL_ACCENT_COLOR_NAME = AccentColor;
				CODE_SIGN_STYLE = Automatic;
				CURRENT_PROJECT_VERSION = 1;
				DEVELOPMENT_ASSET_PATHS = "\"Cutter App/Preview Content\"";
				ENABLE_PREVIEWS = YES;
				GENERATE_INFOPLIST_FILE = YES;
				INFOPLIST_FILE = "Cutter-App-Info.plist";
				INFOPLIST_KEY_CFBundleDisplayName = "Cutter App";
				INFOPLIST_KEY_ITSAppUsesNonExemptEncryption = NO;
				INFOPLIST_KEY_LSApplicationCategoryType = "public.app-category.productivity";
				INFOPLIST_KEY_NSCameraUsageDescription = "We use the camera to scan the text and the author cutter number. We don't save any image.";
				INFOPLIST_KEY_UIApplicationSceneManifest_Generation = YES;
				INFOPLIST_KEY_UIApplicationSupportsIndirectInputEvents = YES;
				INFOPLIST_KEY_UILaunchScreen_Generation = YES;
				INFOPLIST_KEY_UISupportedInterfaceOrientations = UIInterfaceOrientationPortrait;
				INFOPLIST_KEY_UISupportedInterfaceOrientations_iPad = "UIInterfaceOrientationLandscapeLeft UIInterfaceOrientationLandscapeRight UIInterfaceOrientationPortrait UIInterfaceOrientationPortraitUpsideDown";
				INFOPLIST_KEY_UIUserInterfaceStyle = Dark;
				IPHONEOS_DEPLOYMENT_TARGET = 26.0;
				LD_RUNPATH_SEARCH_PATHS = (
					"$(inherited)",
					"@executable_path/Frameworks",
				);
				MARKETING_VERSION = 1.0;
				PRODUCT_BUNDLE_IDENTIFIER = "com.tfonseca.cuttersanborn.Cutter-App";
				PRODUCT_NAME = "$(TARGET_NAME)";
				SUPPORTED_PLATFORMS = "iphoneos iphonesimulator";
				SUPPORTS_MACCATALYST = NO;
				SUPPORTS_XR_DESIGNED_FOR_IPHONE_IPAD = NO;
				SWIFT_EMIT_LOC_STRINGS = YES;
				SWIFT_VERSION = 5.0;
				TARGETED_DEVICE_FAMILY = "1,2";
			};
			name = Debug;
		};
		F83DE2682BE9747300E668B6 /* Release */ = {
			isa = XCBuildConfiguration;
			buildSettings = {
				ASSETCATALOG_COMPILER_APPICON_NAME = AppIcon;
				ASSETCATALOG_COMPILER_GLOBAL_ACCENT_COLOR_NAME = AccentColor;
				CODE_SIGN_STYLE = Automatic;
				CURRENT_PROJECT_VERSION = 1;
				DEVELOPMENT_ASSET_PATHS = "\"Cutter App/Preview Content\"";
				ENABLE_PREVIEWS = YES;
				GENERATE_INFOPLIST_FILE = YES;
				INFOPLIST_FILE = "Cutter-App-Info.plist";
				INFOPLIST_KEY_CFBundleDisplayName = "Cutter App";
				INFOPLIST_KEY_ITSAppUsesNonExemptEncryption = NO;
				INFOPLIST_KEY_LSApplicationCategoryType = "public.app-category.productivity";
				INFOPLIST_KEY_NSCameraUsageDescription = "We use the camera to scan the text and the author cutter number. We don't save any image.";
				INFOPLIST_KEY_UIApplicationSceneManifest_Generation = YES;
				INFOPLIST_KEY_UIApplicationSupportsIndirectInputEvents = YES;
				INFOPLIST_KEY_UILaunchScreen_Generation = YES;
				INFOPLIST_KEY_UISupportedInterfaceOrientations = UIInterfaceOrientationPortrait;
				INFOPLIST_KEY_UISupportedInterfaceOrientations_iPad = "UIInterfaceOrientationLandscapeLeft UIInterfaceOrientationLandscapeRight UIInterfaceOrientationPortrait UIInterfaceOrientationPortraitUpsideDown";
				INFOPLIST_KEY_UIUserInterfaceStyle = Dark;
				IPHONEOS_DEPLOYMENT_TARGET = 26.0;
				LD_RUNPATH_SEARCH_PATHS = (
					"$(inherited)",
					"@executable_path/Frameworks",
				);
				MARKETING_VERSION = 1.0;
				PRODUCT_BUNDLE_IDENTIFIER = "com.tfonseca.cuttersanborn.Cutter-App";
				PRODUCT_NAME = "$(TARGET_NAME)";
				SUPPORTED_PLATFORMS = "iphoneos iphonesimulator";
				SUPPORTS_MACCATALYST = NO;
				SUPPORTS_XR_DESIGNED_FOR_IPHONE_IPAD = NO;
				SWIFT_EMIT_LOC_STRINGS = YES;
				SWIFT_VERSION = 5.0;
				TARGETED_DEVICE_FAMILY = "1,2";
			};
			name = Release;
		};
		F83DE2952BE9D79A00E668B6 /* Debug */ = {
			isa = XCBuildConfiguration;
			buildSettings = {
				BUNDLE_LOADER = "$(TEST_HOST)";
				CODE_SIGN_STYLE = Automatic;
				CURRENT_PROJECT_VERSION = 1;
				GENERATE_INFOPLIST_FILE = YES;
				MARKETING_VERSION = 1.0;
				PRODUCT_BUNDLE_IDENTIFIER = "com.tfonseca.cuttersanborn.Cutter-AppTests";
				PRODUCT_NAME = "$(TARGET_NAME)";
				SWIFT_EMIT_LOC_STRINGS = NO;
				SWIFT_VERSION = 5.0;
				TARGETED_DEVICE_FAMILY = "1,2";
				TEST_HOST = "$(BUILT_PRODUCTS_DIR)/Cutter App.app/$(BUNDLE_EXECUTABLE_FOLDER_PATH)/Cutter App";
			};
			name = Debug;
		};
		F83DE2962BE9D79A00E668B6 /* Release */ = {
			isa = XCBuildConfiguration;
			buildSettings = {
				BUNDLE_LOADER = "$(TEST_HOST)";
				CODE_SIGN_STYLE = Automatic;
				CURRENT_PROJECT_VERSION = 1;
				GENERATE_INFOPLIST_FILE = YES;
				MARKETING_VERSION = 1.0;
				PRODUCT_BUNDLE_IDENTIFIER = "com.tfonseca.cuttersanborn.Cutter-AppTests";
				PRODUCT_NAME = "$(TARGET_NAME)";
				SWIFT_EMIT_LOC_STRINGS = NO;
				SWIFT_VERSION = 5.0;
				TARGETED_DEVICE_FAMILY = "1,2";
				TEST_HOST = "$(BUILT_PRODUCTS_DIR)/Cutter App.app/$(BUNDLE_EXECUTABLE_FOLDER_PATH)/Cutter App";
			};
			name = Release;
		};
/* End XCBuildConfiguration section */

/* Begin XCConfigurationList section */
		F83DE2532BE9747200E668B6 /* Build configuration list for PBXProject "Cutter App" */ = {
			isa = XCConfigurationList;
			buildConfigurations = (
				F83DE2642BE9747300E668B6 /* Debug */,
				F83DE2652BE9747300E668B6 /* Release */,
			);
			defaultConfigurationIsVisible = 0;
			defaultConfigurationName = Release;
		};
		F83DE2662BE9747300E668B6 /* Build configuration list for PBXNativeTarget "Cutter App" */ = {
			isa = XCConfigurationList;
			buildConfigurations = (
				F83DE2672BE9747300E668B6 /* Debug */,
				F83DE2682BE9747300E668B6 /* Release */,
			);
			defaultConfigurationIsVisible = 0;
			defaultConfigurationName = Release;
		};
		F83DE2942BE9D79A00E668B6 /* Build configuration list for PBXNativeTarget "Cutter AppTests" */ = {
			isa = XCConfigurationList;
			buildConfigurations = (
				F83DE2952BE9D79A00E668B6 /* Debug */,
				F83DE2962BE9D79A00E668B6 /* Release */,
			);
			defaultConfigurationIsVisible = 0;
			defaultConfigurationName = Release;
		};
/* End XCConfigurationList section */

/* Begin XCVersionGroup section */
		F83F23A02D406750003944B3 /* Searches.xcdatamodeld */ = {
			isa = XCVersionGroup;
			children = (
				F83F23C82D406750003944B3 /* Searches.xcdatamodel */,
			);
			currentVersion = F83F23C82D406750003944B3 /* Searches.xcdatamodel */;
			path = Searches.xcdatamodeld;
			sourceTree = "<group>";
			versionGroupType = wrapper.xcdatamodel;
		};
/* End XCVersionGroup section */
	};
	rootObject = F83DE2502BE9747200E668B6 /* Project object */;
}
