// !$*UTF8*$!
{
	archiveVersion = 1;
	classes = {
	};
	objectVersion = 56;
	objects = {

/* Begin PBXBuildFile section */
		F83DE25C2BE9747200E668B6 /* Cutter_AppApp.swift in Sources */ = {isa = PBXBuildFile; fileRef = F83DE25B2BE9747200E668B6 /* Cutter_AppApp.swift */; };
		F83DE25E2BE9747200E668B6 /* MainScreen.swift in Sources */ = {isa = PBXBuildFile; fileRef = F83DE25D2BE9747200E668B6 /* MainScreen.swift */; };
		F83DE2602BE9747300E668B6 /* Assets.xcassets in Resources */ = {isa = PBXBuildFile; fileRef = F83DE25F2BE9747300E668B6 /* Assets.xcassets */; };
		F83DE2632BE9747300E668B6 /* Preview Assets.xcassets in Resources */ = {isa = PBXBuildFile; fileRef = F83DE2622BE9747300E668B6 /* Preview Assets.xcassets */; };
		F83DE26D2BE98F0300E668B6 /* TextField+Ext.swift in Sources */ = {isa = PBXBuildFile; fileRef = F83DE26C2BE98F0300E668B6 /* TextField+Ext.swift */; };
		F83DE2702BE990D200E668B6 /* CustomTextField.swift in Sources */ = {isa = PBXBuildFile; fileRef = F83DE26F2BE990D200E668B6 /* CustomTextField.swift */; };
		F83DE2732BE9A52A00E668B6 /* Localizable.xcstrings in Resources */ = {isa = PBXBuildFile; fileRef = F83DE2722BE9A52A00E668B6 /* Localizable.xcstrings */; };
		F83DE2762BE9B19200E668B6 /* MainScreenModel.swift in Sources */ = {isa = PBXBuildFile; fileRef = F83DE2752BE9B19200E668B6 /* MainScreenModel.swift */; };
		F83DE2782BE9B2C600E668B6 /* MainScreenData.swift in Sources */ = {isa = PBXBuildFile; fileRef = F83DE2772BE9B2C600E668B6 /* MainScreenData.swift */; };
		F83DE27B2BE9BC2800E668B6 /* CSVParser.swift in Sources */ = {isa = PBXBuildFile; fileRef = F83DE27A2BE9BC2800E668B6 /* CSVParser.swift */; };
		F83DE2812BE9C16600E668B6 /* cutter_old.csv in Resources */ = {isa = PBXBuildFile; fileRef = F83DE2802BE9C16600E668B6 /* cutter_old.csv */; };
		F83DE2832BE9C17600E668B6 /* cutter_normal.csv in Resources */ = {isa = PBXBuildFile; fileRef = F83DE2822BE9C17600E668B6 /* cutter_normal.csv */; };
		F83DE2852BE9C33600E668B6 /* CutterData.swift in Sources */ = {isa = PBXBuildFile; fileRef = F83DE2842BE9C33600E668B6 /* CutterData.swift */; };
		F83DE2872BE9C54300E668B6 /* CutterHelper.swift in Sources */ = {isa = PBXBuildFile; fileRef = F83DE2862BE9C54300E668B6 /* CutterHelper.swift */; };
		F83DE2892BE9CC7A00E668B6 /* String+Ext.swift in Sources */ = {isa = PBXBuildFile; fileRef = F83DE2882BE9CC7A00E668B6 /* String+Ext.swift */; };
		F83DE2982BE9D7E700E668B6 /* CutterHelperTests.swift in Sources */ = {isa = PBXBuildFile; fileRef = F83DE2972BE9D7E700E668B6 /* CutterHelperTests.swift */; };
		F8CE73962BEA8527002D867D /* CutterGetter.swift in Sources */ = {isa = PBXBuildFile; fileRef = F8CE73952BEA8527002D867D /* CutterGetter.swift */; };
		F8CE739A2BEA9AF4002D867D /* CutterGetterTests.swift in Sources */ = {isa = PBXBuildFile; fileRef = F8CE73992BEA9AF4002D867D /* CutterGetterTests.swift */; };
		F8CE739E2BEAABD6002D867D /* CsvVersion.swift in Sources */ = {isa = PBXBuildFile; fileRef = F8CE739D2BEAABD6002D867D /* CsvVersion.swift */; };
		F8CE73A12BEABF14002D867D /* SettingsScreen.swift in Sources */ = {isa = PBXBuildFile; fileRef = F8CE73A02BEABF14002D867D /* SettingsScreen.swift */; };
/* End PBXBuildFile section */

/* Begin PBXContainerItemProxy section */
		F83DE2922BE9D79A00E668B6 /* PBXContainerItemProxy */ = {
			isa = PBXContainerItemProxy;
			containerPortal = F83DE2502BE9747200E668B6 /* Project object */;
			proxyType = 1;
			remoteGlobalIDString = F83DE2572BE9747200E668B6;
			remoteInfo = "Cutter App";
		};
/* End PBXContainerItemProxy section */

/* Begin PBXFileReference section */
		F83DE2582BE9747200E668B6 /* Cutter App.app */ = {isa = PBXFileReference; explicitFileType = wrapper.application; includeInIndex = 0; path = "Cutter App.app"; sourceTree = BUILT_PRODUCTS_DIR; };
		F83DE25B2BE9747200E668B6 /* Cutter_AppApp.swift */ = {isa = PBXFileReference; lastKnownFileType = sourcecode.swift; path = Cutter_AppApp.swift; sourceTree = "<group>"; };
		F83DE25D2BE9747200E668B6 /* MainScreen.swift */ = {isa = PBXFileReference; lastKnownFileType = sourcecode.swift; path = MainScreen.swift; sourceTree = "<group>"; };
		F83DE25F2BE9747300E668B6 /* Assets.xcassets */ = {isa = PBXFileReference; lastKnownFileType = folder.assetcatalog; path = Assets.xcassets; sourceTree = "<group>"; };
		F83DE2622BE9747300E668B6 /* Preview Assets.xcassets */ = {isa = PBXFileReference; lastKnownFileType = folder.assetcatalog; path = "Preview Assets.xcassets"; sourceTree = "<group>"; };
		F83DE26C2BE98F0300E668B6 /* TextField+Ext.swift */ = {isa = PBXFileReference; lastKnownFileType = sourcecode.swift; path = "TextField+Ext.swift"; sourceTree = "<group>"; };
		F83DE26F2BE990D200E668B6 /* CustomTextField.swift */ = {isa = PBXFileReference; lastKnownFileType = sourcecode.swift; path = CustomTextField.swift; sourceTree = "<group>"; };
		F83DE2722BE9A52A00E668B6 /* Localizable.xcstrings */ = {isa = PBXFileReference; lastKnownFileType = text.json.xcstrings; path = Localizable.xcstrings; sourceTree = "<group>"; };
		F83DE2752BE9B19200E668B6 /* MainScreenModel.swift */ = {isa = PBXFileReference; lastKnownFileType = sourcecode.swift; path = MainScreenModel.swift; sourceTree = "<group>"; };
		F83DE2772BE9B2C600E668B6 /* MainScreenData.swift */ = {isa = PBXFileReference; lastKnownFileType = sourcecode.swift; path = MainScreenData.swift; sourceTree = "<group>"; };
		F83DE27A2BE9BC2800E668B6 /* CSVParser.swift */ = {isa = PBXFileReference; lastKnownFileType = sourcecode.swift; path = CSVParser.swift; sourceTree = "<group>"; };
		F83DE2802BE9C16600E668B6 /* cutter_old.csv */ = {isa = PBXFileReference; fileEncoding = 4; lastKnownFileType = text; path = cutter_old.csv; sourceTree = "<group>"; };
		F83DE2822BE9C17600E668B6 /* cutter_normal.csv */ = {isa = PBXFileReference; fileEncoding = 4; lastKnownFileType = text; path = cutter_normal.csv; sourceTree = "<group>"; };
		F83DE2842BE9C33600E668B6 /* CutterData.swift */ = {isa = PBXFileReference; lastKnownFileType = sourcecode.swift; path = CutterData.swift; sourceTree = "<group>"; };
		F83DE2862BE9C54300E668B6 /* CutterHelper.swift */ = {isa = PBXFileReference; lastKnownFileType = sourcecode.swift; path = CutterHelper.swift; sourceTree = "<group>"; };
		F83DE2882BE9CC7A00E668B6 /* String+Ext.swift */ = {isa = PBXFileReference; lastKnownFileType = sourcecode.swift; path = "String+Ext.swift"; sourceTree = "<group>"; };
		F83DE28E2BE9D79A00E668B6 /* Cutter AppTests.xctest */ = {isa = PBXFileReference; explicitFileType = wrapper.cfbundle; includeInIndex = 0; path = "Cutter AppTests.xctest"; sourceTree = BUILT_PRODUCTS_DIR; };
		F83DE2972BE9D7E700E668B6 /* CutterHelperTests.swift */ = {isa = PBXFileReference; lastKnownFileType = sourcecode.swift; path = CutterHelperTests.swift; sourceTree = "<group>"; };
		F8CE73952BEA8527002D867D /* CutterGetter.swift */ = {isa = PBXFileReference; lastKnownFileType = sourcecode.swift; path = CutterGetter.swift; sourceTree = "<group>"; };
		F8CE73992BEA9AF4002D867D /* CutterGetterTests.swift */ = {isa = PBXFileReference; lastKnownFileType = sourcecode.swift; path = CutterGetterTests.swift; sourceTree = "<group>"; };
		F8CE739D2BEAABD6002D867D /* CsvVersion.swift */ = {isa = PBXFileReference; lastKnownFileType = sourcecode.swift; path = CsvVersion.swift; sourceTree = "<group>"; };
		F8CE73A02BEABF14002D867D /* SettingsScreen.swift */ = {isa = PBXFileReference; lastKnownFileType = sourcecode.swift; path = SettingsScreen.swift; sourceTree = "<group>"; };
/* End PBXFileReference section */

/* Begin PBXFrameworksBuildPhase section */
		F83DE2552BE9747200E668B6 /* Frameworks */ = {
			isa = PBXFrameworksBuildPhase;
			buildActionMask = 2147483647;
			files = (
			);
			runOnlyForDeploymentPostprocessing = 0;
		};
		F83DE28B2BE9D79A00E668B6 /* Frameworks */ = {
			isa = PBXFrameworksBuildPhase;
			buildActionMask = 2147483647;
			files = (
			);
			runOnlyForDeploymentPostprocessing = 0;
		};
/* End PBXFrameworksBuildPhase section */

/* Begin PBXGroup section */
		F83DE24F2BE9747200E668B6 = {
			isa = PBXGroup;
			children = (
				F83DE25A2BE9747200E668B6 /* Cutter App */,
				F83DE28F2BE9D79A00E668B6 /* Cutter AppTests */,
				F83DE2592BE9747200E668B6 /* Products */,
			);
			sourceTree = "<group>";
		};
		F83DE2592BE9747200E668B6 /* Products */ = {
			isa = PBXGroup;
			children = (
				F83DE2582BE9747200E668B6 /* Cutter App.app */,
				F83DE28E2BE9D79A00E668B6 /* Cutter AppTests.xctest */,
			);
			name = Products;
			sourceTree = "<group>";
		};
		F83DE25A2BE9747200E668B6 /* Cutter App */ = {
			isa = PBXGroup;
			children = (
				F83DE27F2BE9C15000E668B6 /* Raw */,
				F83DE2792BE9BB2C00E668B6 /* Utils */,
				F83DE2742BE9B08100E668B6 /* Models */,
				F83DE2712BE9A50B00E668B6 /* Values */,
				F83DE26E2BE990BF00E668B6 /* Views */,
				F83DE26B2BE98EEF00E668B6 /* Extensions */,
				F83DE2692BE9787200E668B6 /* Screens */,
				F83DE25B2BE9747200E668B6 /* Cutter_AppApp.swift */,
				F83DE25F2BE9747300E668B6 /* Assets.xcassets */,
				F83DE2612BE9747300E668B6 /* Preview Content */,
			);
			path = "Cutter App";
			sourceTree = "<group>";
		};
		F83DE2612BE9747300E668B6 /* Preview Content */ = {
			isa = PBXGroup;
			children = (
				F83DE2622BE9747300E668B6 /* Preview Assets.xcassets */,
			);
			path = "Preview Content";
			sourceTree = "<group>";
		};
		F83DE2692BE9787200E668B6 /* Screens */ = {
			isa = PBXGroup;
			children = (
				F83DE26A2BE9787F00E668B6 /* MainScreen */,
				F8CE739F2BEABEFD002D867D /* SettingsScreen */,
			);
			path = Screens;
			sourceTree = "<group>";
		};
		F83DE26A2BE9787F00E668B6 /* MainScreen */ = {
			isa = PBXGroup;
			children = (
				F83DE25D2BE9747200E668B6 /* MainScreen.swift */,
				F83DE2752BE9B19200E668B6 /* MainScreenModel.swift */,
			);
			path = MainScreen;
			sourceTree = "<group>";
		};
		F83DE26B2BE98EEF00E668B6 /* Extensions */ = {
			isa = PBXGroup;
			children = (
				F83DE26C2BE98F0300E668B6 /* TextField+Ext.swift */,
				F83DE2882BE9CC7A00E668B6 /* String+Ext.swift */,
			);
			path = Extensions;
			sourceTree = "<group>";
		};
		F83DE26E2BE990BF00E668B6 /* Views */ = {
			isa = PBXGroup;
			children = (
				F83DE26F2BE990D200E668B6 /* CustomTextField.swift */,
			);
			path = Views;
			sourceTree = "<group>";
		};
		F83DE2712BE9A50B00E668B6 /* Values */ = {
			isa = PBXGroup;
			children = (
				F83DE2722BE9A52A00E668B6 /* Localizable.xcstrings */,
			);
			path = Values;
			sourceTree = "<group>";
		};
		F83DE2742BE9B08100E668B6 /* Models */ = {
			isa = PBXGroup;
			children = (
				F83DE2772BE9B2C600E668B6 /* MainScreenData.swift */,
				F83DE2842BE9C33600E668B6 /* CutterData.swift */,
				F8CE739D2BEAABD6002D867D /* CsvVersion.swift */,
			);
			path = Models;
			sourceTree = "<group>";
		};
		F83DE2792BE9BB2C00E668B6 /* Utils */ = {
			isa = PBXGroup;
			children = (
				F83DE27A2BE9BC2800E668B6 /* CSVParser.swift */,
				F83DE2862BE9C54300E668B6 /* CutterHelper.swift */,
				F8CE73952BEA8527002D867D /* CutterGetter.swift */,
			);
			path = Utils;
			sourceTree = "<group>";
		};
		F83DE27F2BE9C15000E668B6 /* Raw */ = {
			isa = PBXGroup;
			children = (
				F83DE2802BE9C16600E668B6 /* cutter_old.csv */,
				F83DE2822BE9C17600E668B6 /* cutter_normal.csv */,
			);
			path = Raw;
			sourceTree = "<group>";
		};
		F83DE28F2BE9D79A00E668B6 /* Cutter AppTests */ = {
			isa = PBXGroup;
			children = (
				F83DE2972BE9D7E700E668B6 /* CutterHelperTests.swift */,
				F8CE73992BEA9AF4002D867D /* CutterGetterTests.swift */,
			);
			path = "Cutter AppTests";
			sourceTree = "<group>";
		};
		F8CE739F2BEABEFD002D867D /* SettingsScreen */ = {
			isa = PBXGroup;
			children = (
				F8CE73A02BEABF14002D867D /* SettingsScreen.swift */,
			);
			path = SettingsScreen;
			sourceTree = "<group>";
		};
/* End PBXGroup section */

/* Begin PBXNativeTarget section */
		F83DE2572BE9747200E668B6 /* Cutter App */ = {
			isa = PBXNativeTarget;
			buildConfigurationList = F83DE2662BE9747300E668B6 /* Build configuration list for PBXNativeTarget "Cutter App" */;
			buildPhases = (
				F83DE2542BE9747200E668B6 /* Sources */,
				F83DE2552BE9747200E668B6 /* Frameworks */,
				F83DE2562BE9747200E668B6 /* Resources */,
			);
			buildRules = (
			);
			dependencies = (
			);
			name = "Cutter App";
			packageProductDependencies = (
			);
			productName = "Cutter App";
			productReference = F83DE2582BE9747200E668B6 /* Cutter App.app */;
			productType = "com.apple.product-type.application";
		};
		F83DE28D2BE9D79A00E668B6 /* Cutter AppTests */ = {
			isa = PBXNativeTarget;
			buildConfigurationList = F83DE2942BE9D79A00E668B6 /* Build configuration list for PBXNativeTarget "Cutter AppTests" */;
			buildPhases = (
				F83DE28A2BE9D79A00E668B6 /* Sources */,
				F83DE28B2BE9D79A00E668B6 /* Frameworks */,
				F83DE28C2BE9D79A00E668B6 /* Resources */,
			);
			buildRules = (
			);
			dependencies = (
				F83DE2932BE9D79A00E668B6 /* PBXTargetDependency */,
			);
			name = "Cutter AppTests";
			productName = "Cutter AppTests";
			productReference = F83DE28E2BE9D79A00E668B6 /* Cutter AppTests.xctest */;
			productType = "com.apple.product-type.bundle.unit-test";
		};
/* End PBXNativeTarget section */

/* Begin PBXProject section */
		F83DE2502BE9747200E668B6 /* Project object */ = {
			isa = PBXProject;
			attributes = {
				BuildIndependentTargetsInParallel = 1;
				LastSwiftUpdateCheck = 1530;
				LastUpgradeCheck = 1540;
				TargetAttributes = {
					F83DE2572BE9747200E668B6 = {
						CreatedOnToolsVersion = 15.3;
					};
					F83DE28D2BE9D79A00E668B6 = {
						CreatedOnToolsVersion = 15.3;
						TestTargetID = F83DE2572BE9747200E668B6;
					};
				};
			};
			buildConfigurationList = F83DE2532BE9747200E668B6 /* Build configuration list for PBXProject "Cutter App" */;
			compatibilityVersion = "Xcode 14.0";
			developmentRegion = en;
			hasScannedForEncodings = 0;
			knownRegions = (
				en,
				Base,
				"es-419",
				es,
				"pt-BR",
			);
			mainGroup = F83DE24F2BE9747200E668B6;
			packageReferences = (
			);
			productRefGroup = F83DE2592BE9747200E668B6 /* Products */;
			projectDirPath = "";
			projectRoot = "";
			targets = (
				F83DE2572BE9747200E668B6 /* Cutter App */,
				F83DE28D2BE9D79A00E668B6 /* Cutter AppTests */,
			);
		};
/* End PBXProject section */

/* Begin PBXResourcesBuildPhase section */
		F83DE2562BE9747200E668B6 /* Resources */ = {
			isa = PBXResourcesBuildPhase;
			buildActionMask = 2147483647;
			files = (
				F83DE2812BE9C16600E668B6 /* cutter_old.csv in Resources */,
				F83DE2632BE9747300E668B6 /* Preview Assets.xcassets in Resources */,
				F83DE2602BE9747300E668B6 /* Assets.xcassets in Resources */,
				F83DE2832BE9C17600E668B6 /* cutter_normal.csv in Resources */,
				F83DE2732BE9A52A00E668B6 /* Localizable.xcstrings in Resources */,
			);
			runOnlyForDeploymentPostprocessing = 0;
		};
		F83DE28C2BE9D79A00E668B6 /* Resources */ = {
			isa = PBXResourcesBuildPhase;
			buildActionMask = 2147483647;
			files = (
			);
			runOnlyForDeploymentPostprocessing = 0;
		};
/* End PBXResourcesBuildPhase section */

/* Begin PBXSourcesBuildPhase section */
		F83DE2542BE9747200E668B6 /* Sources */ = {
			isa = PBXSourcesBuildPhase;
			buildActionMask = 2147483647;
			files = (
				F83DE2702BE990D200E668B6 /* CustomTextField.swift in Sources */,
				F8CE739E2BEAABD6002D867D /* CsvVersion.swift in Sources */,
				F83DE25E2BE9747200E668B6 /* MainScreen.swift in Sources */,
				F83DE25C2BE9747200E668B6 /* Cutter_AppApp.swift in Sources */,
				F83DE2872BE9C54300E668B6 /* CutterHelper.swift in Sources */,
				F83DE26D2BE98F0300E668B6 /* TextField+Ext.swift in Sources */,
				F83DE2852BE9C33600E668B6 /* CutterData.swift in Sources */,
				F83DE2782BE9B2C600E668B6 /* MainScreenData.swift in Sources */,
				F8CE73962BEA8527002D867D /* CutterGetter.swift in Sources */,
				F83DE2762BE9B19200E668B6 /* MainScreenModel.swift in Sources */,
				F83DE2892BE9CC7A00E668B6 /* String+Ext.swift in Sources */,
				F83DE27B2BE9BC2800E668B6 /* CSVParser.swift in Sources */,
				F8CE73A12BEABF14002D867D /* SettingsScreen.swift in Sources */,
			);
			runOnlyForDeploymentPostprocessing = 0;
		};
		F83DE28A2BE9D79A00E668B6 /* Sources */ = {
			isa = PBXSourcesBuildPhase;
			buildActionMask = 2147483647;
			files = (
				F83DE2982BE9D7E700E668B6 /* CutterHelperTests.swift in Sources */,
				F8CE739A2BEA9AF4002D867D /* CutterGetterTests.swift in Sources */,
			);
			runOnlyForDeploymentPostprocessing = 0;
		};
/* End PBXSourcesBuildPhase section */

/* Begin PBXTargetDependency section */
		F83DE2932BE9D79A00E668B6 /* PBXTargetDependency */ = {
			isa = PBXTargetDependency;
			target = F83DE2572BE9747200E668B6 /* Cutter App */;
			targetProxy = F83DE2922BE9D79A00E668B6 /* PBXContainerItemProxy */;
		};
/* End PBXTargetDependency section */

/* Begin XCBuildConfiguration section */
		F83DE2642BE9747300E668B6 /* Debug */ = {
			isa = XCBuildConfiguration;
			buildSettings = {
				ALWAYS_SEARCH_USER_PATHS = NO;
				ASSETCATALOG_COMPILER_GENERATE_SWIFT_ASSET_SYMBOL_EXTENSIONS = YES;
				CLANG_ANALYZER_LOCALIZABILITY_NONLOCALIZED = YES;
				CLANG_ANALYZER_NONNULL = YES;
				CLANG_ANALYZER_NUMBER_OBJECT_CONVERSION = YES_AGGRESSIVE;
				CLANG_CXX_LANGUAGE_STANDARD = "gnu++20";
				CLANG_ENABLE_MODULES = YES;
				CLANG_ENABLE_OBJC_ARC = YES;
				CLANG_ENABLE_OBJC_WEAK = YES;
				CLANG_WARN_BLOCK_CAPTURE_AUTORELEASING = YES;
				CLANG_WARN_BOOL_CONVERSION = YES;
				CLANG_WARN_COMMA = YES;
				CLANG_WARN_CONSTANT_CONVERSION = YES;
				CLANG_WARN_DEPRECATED_OBJC_IMPLEMENTATIONS = YES;
				CLANG_WARN_DIRECT_OBJC_ISA_USAGE = YES_ERROR;
				CLANG_WARN_DOCUMENTATION_COMMENTS = YES;
				CLANG_WARN_EMPTY_BODY = YES;
				CLANG_WARN_ENUM_CONVERSION = YES;
				CLANG_WARN_INFINITE_RECURSION = YES;
				CLANG_WARN_INT_CONVERSION = YES;
				CLANG_WARN_NON_LITERAL_NULL_CONVERSION = YES;
				CLANG_WARN_OBJC_IMPLICIT_RETAIN_SELF = YES;
				CLANG_WARN_OBJC_LITERAL_CONVERSION = YES;
				CLANG_WARN_OBJC_ROOT_CLASS = YES_ERROR;
				CLANG_WARN_QUOTED_INCLUDE_IN_FRAMEWORK_HEADER = YES;
				CLANG_WARN_RANGE_LOOP_ANALYSIS = YES;
				CLANG_WARN_STRICT_PROTOTYPES = YES;
				CLANG_WARN_SUSPICIOUS_MOVE = YES;
				CLANG_WARN_UNGUARDED_AVAILABILITY = YES_AGGRESSIVE;
				CLANG_WARN_UNREACHABLE_CODE = YES;
				CLANG_WARN__DUPLICATE_METHOD_MATCH = YES;
				COPY_PHASE_STRIP = NO;
				DEBUG_INFORMATION_FORMAT = dwarf;
				ENABLE_STRICT_OBJC_MSGSEND = YES;
				ENABLE_TESTABILITY = YES;
				ENABLE_USER_SCRIPT_SANDBOXING = YES;
				GCC_C_LANGUAGE_STANDARD = gnu17;
				GCC_DYNAMIC_NO_PIC = NO;
				GCC_NO_COMMON_BLOCKS = YES;
				GCC_OPTIMIZATION_LEVEL = 0;
				GCC_PREPROCESSOR_DEFINITIONS = (
					"DEBUG=1",
					"$(inherited)",
				);
				GCC_WARN_64_TO_32_BIT_CONVERSION = YES;
				GCC_WARN_ABOUT_RETURN_TYPE = YES_ERROR;
				GCC_WARN_UNDECLARED_SELECTOR = YES;
				GCC_WARN_UNINITIALIZED_AUTOS = YES_AGGRESSIVE;
				GCC_WARN_UNUSED_FUNCTION = YES;
				GCC_WARN_UNUSED_VARIABLE = YES;
				IPHONEOS_DEPLOYMENT_TARGET = 17.5;
				LOCALIZATION_PREFERS_STRING_CATALOGS = YES;
				MTL_ENABLE_DEBUG_INFO = INCLUDE_SOURCE;
				MTL_FAST_MATH = YES;
				ONLY_ACTIVE_ARCH = YES;
				SDKROOT = iphoneos;
				SWIFT_ACTIVE_COMPILATION_CONDITIONS = "DEBUG $(inherited)";
				SWIFT_OPTIMIZATION_LEVEL = "-Onone";
			};
			name = Debug;
		};
		F83DE2652BE9747300E668B6 /* Release */ = {
			isa = XCBuildConfiguration;
			buildSettings = {
				ALWAYS_SEARCH_USER_PATHS = NO;
				ASSETCATALOG_COMPILER_GENERATE_SWIFT_ASSET_SYMBOL_EXTENSIONS = YES;
				CLANG_ANALYZER_LOCALIZABILITY_NONLOCALIZED = YES;
				CLANG_ANALYZER_NONNULL = YES;
				CLANG_ANALYZER_NUMBER_OBJECT_CONVERSION = YES_AGGRESSIVE;
				CLANG_CXX_LANGUAGE_STANDARD = "gnu++20";
				CLANG_ENABLE_MODULES = YES;
				CLANG_ENABLE_OBJC_ARC = YES;
				CLANG_ENABLE_OBJC_WEAK = YES;
				CLANG_WARN_BLOCK_CAPTURE_AUTORELEASING = YES;
				CLANG_WARN_BOOL_CONVERSION = YES;
				CLANG_WARN_COMMA = YES;
				CLANG_WARN_CONSTANT_CONVERSION = YES;
				CLANG_WARN_DEPRECATED_OBJC_IMPLEMENTATIONS = YES;
				CLANG_WARN_DIRECT_OBJC_ISA_USAGE = YES_ERROR;
				CLANG_WARN_DOCUMENTATION_COMMENTS = YES;
				CLANG_WARN_EMPTY_BODY = YES;
				CLANG_WARN_ENUM_CONVERSION = YES;
				CLANG_WARN_INFINITE_RECURSION = YES;
				CLANG_WARN_INT_CONVERSION = YES;
				CLANG_WARN_NON_LITERAL_NULL_CONVERSION = YES;
				CLANG_WARN_OBJC_IMPLICIT_RETAIN_SELF = YES;
				CLANG_WARN_OBJC_LITERAL_CONVERSION = YES;
				CLANG_WARN_OBJC_ROOT_CLASS = YES_ERROR;
				CLANG_WARN_QUOTED_INCLUDE_IN_FRAMEWORK_HEADER = YES;
				CLANG_WARN_RANGE_LOOP_ANALYSIS = YES;
				CLANG_WARN_STRICT_PROTOTYPES = YES;
				CLANG_WARN_SUSPICIOUS_MOVE = YES;
				CLANG_WARN_UNGUARDED_AVAILABILITY = YES_AGGRESSIVE;
				CLANG_WARN_UNREACHABLE_CODE = YES;
				CLANG_WARN__DUPLICATE_METHOD_MATCH = YES;
				COPY_PHASE_STRIP = NO;
				DEBUG_INFORMATION_FORMAT = "dwarf-with-dsym";
				ENABLE_NS_ASSERTIONS = NO;
				ENABLE_STRICT_OBJC_MSGSEND = YES;
				ENABLE_USER_SCRIPT_SANDBOXING = YES;
				GCC_C_LANGUAGE_STANDARD = gnu17;
				GCC_NO_COMMON_BLOCKS = YES;
				GCC_WARN_64_TO_32_BIT_CONVERSION = YES;
				GCC_WARN_ABOUT_RETURN_TYPE = YES_ERROR;
				GCC_WARN_UNDECLARED_SELECTOR = YES;
				GCC_WARN_UNINITIALIZED_AUTOS = YES_AGGRESSIVE;
				GCC_WARN_UNUSED_FUNCTION = YES;
				GCC_WARN_UNUSED_VARIABLE = YES;
				IPHONEOS_DEPLOYMENT_TARGET = 17.5;
				LOCALIZATION_PREFERS_STRING_CATALOGS = YES;
				MTL_ENABLE_DEBUG_INFO = NO;
				MTL_FAST_MATH = YES;
				SDKROOT = iphoneos;
				SWIFT_COMPILATION_MODE = wholemodule;
				VALIDATE_PRODUCT = YES;
			};
			name = Release;
		};
		F83DE2672BE9747300E668B6 /* Debug */ = {
			isa = XCBuildConfiguration;
			buildSettings = {
				ASSETCATALOG_COMPILER_APPICON_NAME = AppIcon;
				ASSETCATALOG_COMPILER_GLOBAL_ACCENT_COLOR_NAME = AccentColor;
				CODE_SIGN_STYLE = Automatic;
				CURRENT_PROJECT_VERSION = 1;
				DEVELOPMENT_ASSET_PATHS = "\"Cutter App/Preview Content\"";
				DEVELOPMENT_TEAM = 7N78JQ4KFW;
				ENABLE_PREVIEWS = YES;
				GENERATE_INFOPLIST_FILE = YES;
				INFOPLIST_KEY_CFBundleDisplayName = "Cutter App";
				INFOPLIST_KEY_LSApplicationCategoryType = "public.app-category.productivity";
				INFOPLIST_KEY_UIApplicationSceneManifest_Generation = YES;
				INFOPLIST_KEY_UIApplicationSupportsIndirectInputEvents = YES;
				INFOPLIST_KEY_UILaunchScreen_Generation = YES;
				INFOPLIST_KEY_UISupportedInterfaceOrientations_iPad = "UIInterfaceOrientationPortrait UIInterfaceOrientationPortraitUpsideDown UIInterfaceOrientationLandscapeLeft UIInterfaceOrientationLandscapeRight";
				INFOPLIST_KEY_UISupportedInterfaceOrientations_iPhone = "UIInterfaceOrientationPortrait UIInterfaceOrientationLandscapeLeft UIInterfaceOrientationLandscapeRight";
				LD_RUNPATH_SEARCH_PATHS = (
					"$(inherited)",
					"@executable_path/Frameworks",
				);
				MARKETING_VERSION = 1.0;
				PRODUCT_BUNDLE_IDENTIFIER = "com.tfonseca.cuttersanborn.Cutter-App";
				PRODUCT_NAME = "$(TARGET_NAME)";
				SUPPORTED_PLATFORMS = "iphoneos iphonesimulator";
				SUPPORTS_MACCATALYST = NO;
				SUPPORTS_XR_DESIGNED_FOR_IPHONE_IPAD = NO;
				SWIFT_EMIT_LOC_STRINGS = YES;
				SWIFT_VERSION = 5.0;
				TARGETED_DEVICE_FAMILY = "1,2";
			};
			name = Debug;
		};
		F83DE2682BE9747300E668B6 /* Release */ = {
			isa = XCBuildConfiguration;
			buildSettings = {
				ASSETCATALOG_COMPILER_APPICON_NAME = AppIcon;
				ASSETCATALOG_COMPILER_GLOBAL_ACCENT_COLOR_NAME = AccentColor;
				CODE_SIGN_STYLE = Automatic;
				CURRENT_PROJECT_VERSION = 1;
				DEVELOPMENT_ASSET_PATHS = "\"Cutter App/Preview Content\"";
				DEVELOPMENT_TEAM = 7N78JQ4KFW;
				ENABLE_PREVIEWS = YES;
				GENERATE_INFOPLIST_FILE = YES;
				INFOPLIST_KEY_CFBundleDisplayName = "Cutter App";
				INFOPLIST_KEY_LSApplicationCategoryType = "public.app-category.productivity";
				INFOPLIST_KEY_UIApplicationSceneManifest_Generation = YES;
				INFOPLIST_KEY_UIApplicationSupportsIndirectInputEvents = YES;
				INFOPLIST_KEY_UILaunchScreen_Generation = YES;
				INFOPLIST_KEY_UISupportedInterfaceOrientations_iPad = "UIInterfaceOrientationPortrait UIInterfaceOrientationPortraitUpsideDown UIInterfaceOrientationLandscapeLeft UIInterfaceOrientationLandscapeRight";
				INFOPLIST_KEY_UISupportedInterfaceOrientations_iPhone = "UIInterfaceOrientationPortrait UIInterfaceOrientationLandscapeLeft UIInterfaceOrientationLandscapeRight";
				LD_RUNPATH_SEARCH_PATHS = (
					"$(inherited)",
					"@executable_path/Frameworks",
				);
				MARKETING_VERSION = 1.0;
				PRODUCT_BUNDLE_IDENTIFIER = "com.tfonseca.cuttersanborn.Cutter-App";
				PRODUCT_NAME = "$(TARGET_NAME)";
				SUPPORTED_PLATFORMS = "iphoneos iphonesimulator";
				SUPPORTS_MACCATALYST = NO;
				SUPPORTS_XR_DESIGNED_FOR_IPHONE_IPAD = NO;
				SWIFT_EMIT_LOC_STRINGS = YES;
				SWIFT_VERSION = 5.0;
				TARGETED_DEVICE_FAMILY = "1,2";
			};
			name = Release;
		};
		F83DE2952BE9D79A00E668B6 /* Debug */ = {
			isa = XCBuildConfiguration;
			buildSettings = {
				BUNDLE_LOADER = "$(TEST_HOST)";
				CODE_SIGN_STYLE = Automatic;
				CURRENT_PROJECT_VERSION = 1;
				DEVELOPMENT_TEAM = 7N78JQ4KFW;
				GENERATE_INFOPLIST_FILE = YES;
				MARKETING_VERSION = 1.0;
				PRODUCT_BUNDLE_IDENTIFIER = "com.tfonseca.cuttersanborn.Cutter-AppTests";
				PRODUCT_NAME = "$(TARGET_NAME)";
				SWIFT_EMIT_LOC_STRINGS = NO;
				SWIFT_VERSION = 5.0;
				TARGETED_DEVICE_FAMILY = "1,2";
				TEST_HOST = "$(BUILT_PRODUCTS_DIR)/Cutter App.app/$(BUNDLE_EXECUTABLE_FOLDER_PATH)/Cutter App";
			};
			name = Debug;
		};
		F83DE2962BE9D79A00E668B6 /* Release */ = {
			isa = XCBuildConfiguration;
			buildSettings = {
				BUNDLE_LOADER = "$(TEST_HOST)";
				CODE_SIGN_STYLE = Automatic;
				CURRENT_PROJECT_VERSION = 1;
				DEVELOPMENT_TEAM = 7N78JQ4KFW;
				GENERATE_INFOPLIST_FILE = YES;
				MARKETING_VERSION = 1.0;
				PRODUCT_BUNDLE_IDENTIFIER = "com.tfonseca.cuttersanborn.Cutter-AppTests";
				PRODUCT_NAME = "$(TARGET_NAME)";
				SWIFT_EMIT_LOC_STRINGS = NO;
				SWIFT_VERSION = 5.0;
				TARGETED_DEVICE_FAMILY = "1,2";
				TEST_HOST = "$(BUILT_PRODUCTS_DIR)/Cutter App.app/$(BUNDLE_EXECUTABLE_FOLDER_PATH)/Cutter App";
			};
			name = Release;
		};
/* End XCBuildConfiguration section */

/* Begin XCConfigurationList section */
		F83DE2532BE9747200E668B6 /* Build configuration list for PBXProject "Cutter App" */ = {
			isa = XCConfigurationList;
			buildConfigurations = (
				F83DE2642BE9747300E668B6 /* Debug */,
				F83DE2652BE9747300E668B6 /* Release */,
			);
			defaultConfigurationIsVisible = 0;
			defaultConfigurationName = Release;
		};
		F83DE2662BE9747300E668B6 /* Build configuration list for PBXNativeTarget "Cutter App" */ = {
			isa = XCConfigurationList;
			buildConfigurations = (
				F83DE2672BE9747300E668B6 /* Debug */,
				F83DE2682BE9747300E668B6 /* Release */,
			);
			defaultConfigurationIsVisible = 0;
			defaultConfigurationName = Release;
		};
		F83DE2942BE9D79A00E668B6 /* Build configuration list for PBXNativeTarget "Cutter AppTests" */ = {
			isa = XCConfigurationList;
			buildConfigurations = (
				F83DE2952BE9D79A00E668B6 /* Debug */,
				F83DE2962BE9D79A00E668B6 /* Release */,
			);
			defaultConfigurationIsVisible = 0;
			defaultConfigurationName = Release;
		};
/* End XCConfigurationList section */
	};
	rootObject = F83DE2502BE9747200E668B6 /* Project object */;
}
